
Microsoft Visual Studio Solution File, Format Version 12.00
# Visual Studio Version 17
VisualStudioVersion = 17.9.34518.117
MinimumVisualStudioVersion = 10.0.40219.1
Project("{FAE04EC0-301F-11D3-BF4B-00C04F79EFBC}") = "BookLibrary.API", "BookLibrary\BookLibrary.API.csproj", "{BC4CA140-8EDE-4B16-8E89-C67F83D13879}"
EndProject
Global
	GlobalSection(SolutionConfigurationPlatforms) = preSolution
		Debug|Any CPU = Debug|Any CPU
		Release|Any CPU = Release|Any CPU
	EndGlobalSection
	GlobalSection(ProjectConfigurationPlatforms) = postSolution
		{BC4CA140-8EDE-4B16-8E89-C67F83D13879}.Debug|Any CPU.ActiveCfg = Debug|Any CPU
		{BC4CA140-8EDE-4B16-8E89-C67F83D13879}.Debug|Any CPU.Build.0 = Debug|Any CPU
		{BC4CA140-8EDE-4B16-8E89-C67F83D13879}.Release|Any CPU.ActiveCfg = Release|Any CPU
		{BC4CA140-8EDE-4B16-8E89-C67F83D13879}.Release|Any CPU.Build.0 = Release|Any CPU
	EndGlobalSection
	GlobalSection(SolutionProperties) = preSolution
		HideSolutionNode = FALSE
	EndGlobalSection
	GlobalSection(ExtensibilityGlobals) = postSolution
		SolutionGuid = {EF460E1F-322F-4D9E-BD49-85393CF6AFDE}
	EndGlobalSection
EndGlobal
