
Microsoft Visual Studio Solution File, Format Version 12.00
# Visual Studio Version 17
VisualStudioVersion = 17.9.34518.117
MinimumVisualStudioVersion = 10.0.40219.1
Project("{9A19103F-16F7-4668-BE54-9A1E7A4F7556}") = "BookLibrary.API", "src\BookLibrary.API\BookLibrary.API.csproj", "{0B62575F-C9FD-47BA-9602-9DF5F7EBA242}"
EndProject
Project("{9A19103F-16F7-4668-BE54-9A1E7A4F7556}") = "BookLibrary.Infra", "src\BookLibrary.Infra\BookLibrary.Infra.csproj", "{8640D3CA-4907-4C7B-A38D-C0EC9A4C9662}"
EndProject
Project("{9A19103F-16F7-4668-BE54-9A1E7A4F7556}") = "BookLibrary.Domain", "src\BookLibrary.Domain\BookLibrary.Domain.csproj", "{3EEB5B0D-5A17-4EAE-93A8-9218967BB8A4}"
EndProject
Project("{FAE04EC0-301F-11D3-BF4B-00C04F79EFBC}") = "BookLibrary.Shared", "src\BookLibrary.Shared\BookLibrary.Shared.csproj", "{D79CDED5-DCF7-474F-A5D9-0E1C5C503BB2}"
EndProject
Project("{FAE04EC0-301F-11D3-BF4B-00C04F79EFBC}") = "BookLibrary.Reports", "src\BookLibrary.Reports\BookLibrary.Reports.csproj", "{BC46E8A3-BA52-4079-820C-1DA99AD503B2}"
EndProject
Project("{2150E333-8FDC-42A3-9474-1A3956D46DE8}") = "Core", "Core", "{D6DBDA3D-A445-4A48-9F40-ACE6A70AAC53}"
EndProject
Project("{2150E333-8FDC-42A3-9474-1A3956D46DE8}") = "Driven", "Driven", "{7C72226B-2BA9-43CA-921D-95597569C435}"
EndProject
Project("{2150E333-8FDC-42A3-9474-1A3956D46DE8}") = "Driving", "Driving", "{BA33F620-AC7C-4E30-A586-B2E9FAC33065}"
EndProject
Global
	GlobalSection(SolutionConfigurationPlatforms) = preSolution
		Debug|Any CPU = Debug|Any CPU
		Release|Any CPU = Release|Any CPU
	EndGlobalSection
	GlobalSection(ProjectConfigurationPlatforms) = postSolution
		{0B62575F-C9FD-47BA-9602-9DF5F7EBA242}.Debug|Any CPU.ActiveCfg = Debug|Any CPU
		{0B62575F-C9FD-47BA-9602-9DF5F7EBA242}.Debug|Any CPU.Build.0 = Debug|Any CPU
		{0B62575F-C9FD-47BA-9602-9DF5F7EBA242}.Release|Any CPU.ActiveCfg = Release|Any CPU
		{0B62575F-C9FD-47BA-9602-9DF5F7EBA242}.Release|Any CPU.Build.0 = Release|Any CPU
		{8640D3CA-4907-4C7B-A38D-C0EC9A4C9662}.Debug|Any CPU.ActiveCfg = Debug|Any CPU
		{8640D3CA-4907-4C7B-A38D-C0EC9A4C9662}.Debug|Any CPU.Build.0 = Debug|Any CPU
		{8640D3CA-4907-4C7B-A38D-C0EC9A4C9662}.Release|Any CPU.ActiveCfg = Release|Any CPU
		{8640D3CA-4907-4C7B-A38D-C0EC9A4C9662}.Release|Any CPU.Build.0 = Release|Any CPU
		{3EEB5B0D-5A17-4EAE-93A8-9218967BB8A4}.Debug|Any CPU.ActiveCfg = Debug|Any CPU
		{3EEB5B0D-5A17-4EAE-93A8-9218967BB8A4}.Debug|Any CPU.Build.0 = Debug|Any CPU
		{3EEB5B0D-5A17-4EAE-93A8-9218967BB8A4}.Release|Any CPU.ActiveCfg = Release|Any CPU
		{3EEB5B0D-5A17-4EAE-93A8-9218967BB8A4}.Release|Any CPU.Build.0 = Release|Any CPU
		{D79CDED5-DCF7-474F-A5D9-0E1C5C503BB2}.Debug|Any CPU.ActiveCfg = Debug|Any CPU
		{D79CDED5-DCF7-474F-A5D9-0E1C5C503BB2}.Debug|Any CPU.Build.0 = Debug|Any CPU
		{D79CDED5-DCF7-474F-A5D9-0E1C5C503BB2}.Release|Any CPU.ActiveCfg = Release|Any CPU
		{D79CDED5-DCF7-474F-A5D9-0E1C5C503BB2}.Release|Any CPU.Build.0 = Release|Any CPU
		{BC46E8A3-BA52-4079-820C-1DA99AD503B2}.Debug|Any CPU.ActiveCfg = Debug|Any CPU
		{BC46E8A3-BA52-4079-820C-1DA99AD503B2}.Debug|Any CPU.Build.0 = Debug|Any CPU
		{BC46E8A3-BA52-4079-820C-1DA99AD503B2}.Release|Any CPU.ActiveCfg = Release|Any CPU
		{BC46E8A3-BA52-4079-820C-1DA99AD503B2}.Release|Any CPU.Build.0 = Release|Any CPU
	EndGlobalSection
	GlobalSection(SolutionProperties) = preSolution
		HideSolutionNode = FALSE
	EndGlobalSection
	GlobalSection(NestedProjects) = preSolution
		{0B62575F-C9FD-47BA-9602-9DF5F7EBA242} = {BA33F620-AC7C-4E30-A586-B2E9FAC33065}
		{8640D3CA-4907-4C7B-A38D-C0EC9A4C9662} = {7C72226B-2BA9-43CA-921D-95597569C435}
		{3EEB5B0D-5A17-4EAE-93A8-9218967BB8A4} = {D6DBDA3D-A445-4A48-9F40-ACE6A70AAC53}
		{D79CDED5-DCF7-474F-A5D9-0E1C5C503BB2} = {D6DBDA3D-A445-4A48-9F40-ACE6A70AAC53}
		{BC46E8A3-BA52-4079-820C-1DA99AD503B2} = {BA33F620-AC7C-4E30-A586-B2E9FAC33065}
	EndGlobalSection
	GlobalSection(ExtensibilityGlobals) = postSolution
		SolutionGuid = {EF460E1F-322F-4D9E-BD49-85393CF6AFDE}
	EndGlobalSection
EndGlobal
